
Microsoft Visual Studio Solution File, Format Version 12.00
# Visual Studio Version 16
VisualStudioVersion = 16.0.29318.209
MinimumVisualStudioVersion = 10.0.40219.1
Project("{FAE04EC0-301F-11D3-BF4B-00C04F79EFBC}") = "GameServer", "GameServer\GameServer.csproj", "{6B4D622F-61BB-497B-A211-AD432E8887E4}"
EndProject
Global
	GlobalSection(SolutionConfigurationPlatforms) = preSolution
		Debug|Any CPU = Debug|Any CPU
		Release|Any CPU = Release|Any CPU
	EndGlobalSection
	GlobalSection(ProjectConfigurationPlatforms) = postSolution
		{6B4D622F-61BB-497B-A211-AD432E8887E4}.Debug|Any CPU.ActiveCfg = Debug|Any CPU
		{6B4D622F-61BB-497B-A211-AD432E8887E4}.Debug|Any CPU.Build.0 = Debug|Any CPU
		{6B4D622F-61BB-497B-A211-AD432E8887E4}.Release|Any CPU.ActiveCfg = Release|Any CPU
		{6B4D622F-61BB-497B-A211-AD432E8887E4}.Release|Any CPU.Build.0 = Release|Any CPU
	EndGlobalSection
	GlobalSection(SolutionProperties) = preSolution
		HideSolutionNode = FALSE
	EndGlobalSection
	GlobalSection(ExtensibilityGlobals) = postSolution
		SolutionGuid = {E143CC06-5373-4453-B05F-58A391549E79}
	EndGlobalSection
EndGlobal
